
Microsoft Visual Studio Solution File, Format Version 12.00
# Visual Studio 2012
Project("{FAE04EC0-301F-11D3-BF4B-00C04F79EFBC}") = "AndroidStartupTimer", "AndroidStartupTimer\AndroidStartupTimer.csproj", "{8993CDE9-1F37-4579-999C-69D521CDED27}"
EndProject
Project("{FAE04EC0-301F-11D3-BF4B-00C04F79EFBC}") = "AndroidAppUnderTest", "AndroidAppUnderTest\AndroidAppUnderTest.csproj", "{186944C0-91FD-4873-AD4F-4852A85DADBA}"
EndProject
Project("{FAE04EC0-301F-11D3-BF4B-00C04F79EFBC}") = "Factorizer", "Factorizer\Factorizer.csproj", "{73E6D945-DEB5-4A15-BCE4-0F6D69DF2280}"
EndProject
Global
	GlobalSection(SolutionConfigurationPlatforms) = preSolution
		Debug|Any CPU = Debug|Any CPU
		Release|Any CPU = Release|Any CPU
	EndGlobalSection
	GlobalSection(ProjectConfigurationPlatforms) = postSolution
		{8993CDE9-1F37-4579-999C-69D521CDED27}.Debug|Any CPU.ActiveCfg = Debug|Any CPU
		{8993CDE9-1F37-4579-999C-69D521CDED27}.Debug|Any CPU.Build.0 = Debug|Any CPU
		{8993CDE9-1F37-4579-999C-69D521CDED27}.Release|Any CPU.ActiveCfg = Release|Any CPU
		{8993CDE9-1F37-4579-999C-69D521CDED27}.Release|Any CPU.Build.0 = Release|Any CPU
		{186944C0-91FD-4873-AD4F-4852A85DADBA}.Debug|Any CPU.ActiveCfg = Debug|Any CPU
		{186944C0-91FD-4873-AD4F-4852A85DADBA}.Debug|Any CPU.Build.0 = Debug|Any CPU
		{186944C0-91FD-4873-AD4F-4852A85DADBA}.Debug|Any CPU.Deploy.0 = Debug|Any CPU
		{186944C0-91FD-4873-AD4F-4852A85DADBA}.Release|Any CPU.ActiveCfg = Release|Any CPU
		{186944C0-91FD-4873-AD4F-4852A85DADBA}.Release|Any CPU.Build.0 = Release|Any CPU
		{186944C0-91FD-4873-AD4F-4852A85DADBA}.Release|Any CPU.Deploy.0 = Release|Any CPU
		{73E6D945-DEB5-4A15-BCE4-0F6D69DF2280}.Debug|Any CPU.ActiveCfg = Debug|Any CPU
		{73E6D945-DEB5-4A15-BCE4-0F6D69DF2280}.Debug|Any CPU.Build.0 = Debug|Any CPU
		{73E6D945-DEB5-4A15-BCE4-0F6D69DF2280}.Debug|Any CPU.Deploy.0 = Debug|Any CPU
		{73E6D945-DEB5-4A15-BCE4-0F6D69DF2280}.Release|Any CPU.ActiveCfg = Release|Any CPU
		{73E6D945-DEB5-4A15-BCE4-0F6D69DF2280}.Release|Any CPU.Build.0 = Release|Any CPU
		{73E6D945-DEB5-4A15-BCE4-0F6D69DF2280}.Release|Any CPU.Deploy.0 = Release|Any CPU
	EndGlobalSection
	GlobalSection(SolutionProperties) = preSolution
		HideSolutionNode = FALSE
	EndGlobalSection
EndGlobal
